
Microsoft Visual Studio Solution File, Format Version 12.00
# Visual Studio Version 16
VisualStudioVersion = 16.0.28922.388
MinimumVisualStudioVersion = 10.0.40219.1
Project("{9A19103F-16F7-4668-BE54-9A1E7A4F7556}") = "X.FileSaver", "X.FileSaver\X.FileSaver.csproj", "{815F75AD-EFCC-47A8-86F8-B8126D157353}"
EndProject
Project("{FAE04EC0-301F-11D3-BF4B-00C04F79EFBC}") = "X.FileSaver.Stores", "X.FileSaver.Stores\X.FileSaver.Stores.csproj", "{5F23C332-52F4-4132-AD1C-E14784FABDC3}"
EndProject
Project("{2150E333-8FDC-42A3-9474-1A3956D46DE8}") = "Demo", "Demo", "{937EE9D3-FB06-4AFE-9EFF-66EA6FFD7E6A}"
EndProject
Project("{FAE04EC0-301F-11D3-BF4B-00C04F79EFBC}") = "X.FileSaver.DemoApp", "Demo\X.FileSaver.DemoApp\X.FileSaver.DemoApp.csproj", "{892B8D80-2000-4E99-AA84-5D3A726D7E07}"
EndProject
Global
	GlobalSection(SolutionConfigurationPlatforms) = preSolution
		Debug|Any CPU = Debug|Any CPU
		Release|Any CPU = Release|Any CPU
	EndGlobalSection
	GlobalSection(ProjectConfigurationPlatforms) = postSolution
		{815F75AD-EFCC-47A8-86F8-B8126D157353}.Debug|Any CPU.ActiveCfg = Debug|Any CPU
		{815F75AD-EFCC-47A8-86F8-B8126D157353}.Debug|Any CPU.Build.0 = Debug|Any CPU
		{815F75AD-EFCC-47A8-86F8-B8126D157353}.Release|Any CPU.ActiveCfg = Release|Any CPU
		{815F75AD-EFCC-47A8-86F8-B8126D157353}.Release|Any CPU.Build.0 = Release|Any CPU
		{5F23C332-52F4-4132-AD1C-E14784FABDC3}.Debug|Any CPU.ActiveCfg = Debug|Any CPU
		{5F23C332-52F4-4132-AD1C-E14784FABDC3}.Debug|Any CPU.Build.0 = Debug|Any CPU
		{5F23C332-52F4-4132-AD1C-E14784FABDC3}.Release|Any CPU.ActiveCfg = Release|Any CPU
		{5F23C332-52F4-4132-AD1C-E14784FABDC3}.Release|Any CPU.Build.0 = Release|Any CPU
		{892B8D80-2000-4E99-AA84-5D3A726D7E07}.Debug|Any CPU.ActiveCfg = Debug|Any CPU
		{892B8D80-2000-4E99-AA84-5D3A726D7E07}.Debug|Any CPU.Build.0 = Debug|Any CPU
		{892B8D80-2000-4E99-AA84-5D3A726D7E07}.Release|Any CPU.ActiveCfg = Release|Any CPU
		{892B8D80-2000-4E99-AA84-5D3A726D7E07}.Release|Any CPU.Build.0 = Release|Any CPU
	EndGlobalSection
	GlobalSection(SolutionProperties) = preSolution
		HideSolutionNode = FALSE
	EndGlobalSection
	GlobalSection(NestedProjects) = preSolution
		{892B8D80-2000-4E99-AA84-5D3A726D7E07} = {937EE9D3-FB06-4AFE-9EFF-66EA6FFD7E6A}
	EndGlobalSection
	GlobalSection(ExtensibilityGlobals) = postSolution
		SolutionGuid = {627195FC-2701-4B0A-8E3E-2DAEF1943ADB}
	EndGlobalSection
EndGlobal
